
Microsoft Visual Studio Solution File, Format Version 12.00
# Visual Studio Version 16
VisualStudioVersion = 16.0.32228.343
MinimumVisualStudioVersion = 10.0.40219.1
Project("{FAE04EC0-301F-11D3-BF4B-00C04F79EFBC}") = "ClientUI", "ClientUI\ClientUI.csproj", "{3F252DBB-FF48-421C-902E-908CC88EADB7}"
EndProject
Project("{FAE04EC0-301F-11D3-BF4B-00C04F79EFBC}") = "BackEndService", "BackEndService\BackEndService.csproj", "{44EB7C96-0D1E-49E1-9702-9ADB1DF64185}"
EndProject
Project("{FAE04EC0-301F-11D3-BF4B-00C04F79EFBC}") = "WpfApp1", "WpfApp1\WpfApp1.csproj", "{7D716D6B-FA8F-4091-BDC8-E235FFA66922}"
EndProject
Global
	GlobalSection(SolutionConfigurationPlatforms) = preSolution
		Debug|Any CPU = Debug|Any CPU
		Release|Any CPU = Release|Any CPU
	EndGlobalSection
	GlobalSection(ProjectConfigurationPlatforms) = postSolution
		{3F252DBB-FF48-421C-902E-908CC88EADB7}.Debug|Any CPU.ActiveCfg = Debug|Any CPU
		{3F252DBB-FF48-421C-902E-908CC88EADB7}.Debug|Any CPU.Build.0 = Debug|Any CPU
		{3F252DBB-FF48-421C-902E-908CC88EADB7}.Release|Any CPU.ActiveCfg = Release|Any CPU
		{3F252DBB-FF48-421C-902E-908CC88EADB7}.Release|Any CPU.Build.0 = Release|Any CPU
		{44EB7C96-0D1E-49E1-9702-9ADB1DF64185}.Debug|Any CPU.ActiveCfg = Debug|Any CPU
		{44EB7C96-0D1E-49E1-9702-9ADB1DF64185}.Debug|Any CPU.Build.0 = Debug|Any CPU
		{44EB7C96-0D1E-49E1-9702-9ADB1DF64185}.Release|Any CPU.ActiveCfg = Release|Any CPU
		{44EB7C96-0D1E-49E1-9702-9ADB1DF64185}.Release|Any CPU.Build.0 = Release|Any CPU
		{7D716D6B-FA8F-4091-BDC8-E235FFA66922}.Debug|Any CPU.ActiveCfg = Debug|Any CPU
		{7D716D6B-FA8F-4091-BDC8-E235FFA66922}.Debug|Any CPU.Build.0 = Debug|Any CPU
		{7D716D6B-FA8F-4091-BDC8-E235FFA66922}.Release|Any CPU.ActiveCfg = Release|Any CPU
		{7D716D6B-FA8F-4091-BDC8-E235FFA66922}.Release|Any CPU.Build.0 = Release|Any CPU
	EndGlobalSection
	GlobalSection(SolutionProperties) = preSolution
		HideSolutionNode = FALSE
	EndGlobalSection
	GlobalSection(ExtensibilityGlobals) = postSolution
		SolutionGuid = {49467D12-3D30-4B6A-9043-E7AFF5CF939E}
	EndGlobalSection
EndGlobal
